// !$*UTF8*$!
{
	archiveVersion = 1;
	classes = {
	};
	objectVersion = 56;
	objects = {

/* Begin PBXBuildFile section */
		AFB3E8B12BD30BFE000A34D3 /* Poker Pocket Odds.app in Embed Watch Content */ = {isa = PBXBuildFile; fileRef = AFB3E8B02BD30BFE000A34D3 /* Poker Pocket Odds.app */; settings = {ATTRIBUTES = (RemoveHeadersOnCopy, ); }; };
		AFB3E8B62BD30BFE000A34D3 /* PokerPocketOddsApp.swift in Sources */ = {isa = PBXBuildFile; fileRef = AFB3E8B52BD30BFE000A34D3 /* PokerPocketOddsApp.swift */; };
		AFB3E8B82BD30BFE000A34D3 /* ContentView.swift in Sources */ = {isa = PBXBuildFile; fileRef = AFB3E8B72BD30BFE000A34D3 /* ContentView.swift */; };
		AFB3E8BA2BD30BFF000A34D3 /* Assets.xcassets in Resources */ = {isa = PBXBuildFile; fileRef = AFB3E8B92BD30BFF000A34D3 /* Assets.xcassets */; };
		AFB3E8BD2BD30BFF000A34D3 /* Preview Assets.xcassets in Resources */ = {isa = PBXBuildFile; fileRef = AFB3E8BC2BD30BFF000A34D3 /* Preview Assets.xcassets */; };
		AFB3E8C82BD30C73000A34D3 /* EachCardView.swift in Sources */ = {isa = PBXBuildFile; fileRef = AFB3E8C72BD30C73000A34D3 /* EachCardView.swift */; };
		AFB3E8CA2BD30DBE000A34D3 /* CalculateView.swift in Sources */ = {isa = PBXBuildFile; fileRef = AFB3E8C92BD30DBE000A34D3 /* CalculateView.swift */; };
/* End PBXBuildFile section */

/* Begin PBXContainerItemProxy section */
		AFB3E8B22BD30BFE000A34D3 /* PBXContainerItemProxy */ = {
			isa = PBXContainerItemProxy;
			containerPortal = AFB3E8A42BD30BFE000A34D3 /* Project object */;
			proxyType = 1;
			remoteGlobalIDString = AFB3E8AF2BD30BFE000A34D3;
			remoteInfo = "PokerMastermind Watch App";
		};
/* End PBXContainerItemProxy section */

/* Begin PBXCopyFilesBuildPhase section */
		AFB3E8C32BD30BFF000A34D3 /* Embed Watch Content */ = {
			isa = PBXCopyFilesBuildPhase;
			buildActionMask = 2147483647;
			dstPath = "$(CONTENTS_FOLDER_PATH)/Watch";
			dstSubfolderSpec = 16;
			files = (
				AFB3E8B12BD30BFE000A34D3 /* Poker Pocket Odds.app in Embed Watch Content */,
			);
			name = "Embed Watch Content";
			runOnlyForDeploymentPostprocessing = 0;
		};
/* End PBXCopyFilesBuildPhase section */

/* Begin PBXFileReference section */
		AFB3E8AA2BD30BFE000A34D3 /* Poker Pocket Odds.app */ = {isa = PBXFileReference; explicitFileType = wrapper.application; includeInIndex = 0; path = "Poker Pocket Odds.app"; sourceTree = BUILT_PRODUCTS_DIR; };
		AFB3E8B02BD30BFE000A34D3 /* Poker Pocket Odds.app */ = {isa = PBXFileReference; explicitFileType = wrapper.application; includeInIndex = 0; path = "Poker Pocket Odds.app"; sourceTree = BUILT_PRODUCTS_DIR; };
		AFB3E8B52BD30BFE000A34D3 /* PokerPocketOddsApp.swift */ = {isa = PBXFileReference; lastKnownFileType = sourcecode.swift; path = PokerPocketOddsApp.swift; sourceTree = "<group>"; };
		AFB3E8B72BD30BFE000A34D3 /* ContentView.swift */ = {isa = PBXFileReference; lastKnownFileType = sourcecode.swift; path = ContentView.swift; sourceTree = "<group>"; };
		AFB3E8B92BD30BFF000A34D3 /* Assets.xcassets */ = {isa = PBXFileReference; lastKnownFileType = folder.assetcatalog; path = Assets.xcassets; sourceTree = "<group>"; };
		AFB3E8BC2BD30BFF000A34D3 /* Preview Assets.xcassets */ = {isa = PBXFileReference; lastKnownFileType = folder.assetcatalog; path = "Preview Assets.xcassets"; sourceTree = "<group>"; };
		AFB3E8C72BD30C73000A34D3 /* EachCardView.swift */ = {isa = PBXFileReference; lastKnownFileType = sourcecode.swift; path = EachCardView.swift; sourceTree = "<group>"; };
		AFB3E8C92BD30DBE000A34D3 /* CalculateView.swift */ = {isa = PBXFileReference; lastKnownFileType = sourcecode.swift; path = CalculateView.swift; sourceTree = "<group>"; };
/* End PBXFileReference section */

/* Begin PBXFrameworksBuildPhase section */
		AFB3E8AD2BD30BFE000A34D3 /* Frameworks */ = {
			isa = PBXFrameworksBuildPhase;
			buildActionMask = 2147483647;
			files = (
			);
			runOnlyForDeploymentPostprocessing = 0;
		};
/* End PBXFrameworksBuildPhase section */

/* Begin PBXGroup section */
		AFB3E8A32BD30BFE000A34D3 = {
			isa = PBXGroup;
			children = (
				AFB3E8B42BD30BFE000A34D3 /* PokerMastermind Watch App */,
				AFB3E8AB2BD30BFE000A34D3 /* Products */,
			);
			sourceTree = "<group>";
		};
		AFB3E8AB2BD30BFE000A34D3 /* Products */ = {
			isa = PBXGroup;
			children = (
				AFB3E8AA2BD30BFE000A34D3 /* Poker Pocket Odds.app */,
				AFB3E8B02BD30BFE000A34D3 /* Poker Pocket Odds.app */,
			);
			name = Products;
			sourceTree = "<group>";
		};
		AFB3E8B42BD30BFE000A34D3 /* PokerMastermind Watch App */ = {
			isa = PBXGroup;
			children = (
				AFB3E8B52BD30BFE000A34D3 /* PokerPocketOddsApp.swift */,
				AFB3E8B72BD30BFE000A34D3 /* ContentView.swift */,
				AFB3E8C72BD30C73000A34D3 /* EachCardView.swift */,
				AFB3E8C92BD30DBE000A34D3 /* CalculateView.swift */,
				AFB3E8B92BD30BFF000A34D3 /* Assets.xcassets */,
				AFB3E8BB2BD30BFF000A34D3 /* Preview Content */,
			);
			path = "PokerMastermind Watch App";
			sourceTree = "<group>";
		};
		AFB3E8BB2BD30BFF000A34D3 /* Preview Content */ = {
			isa = PBXGroup;
			children = (
				AFB3E8BC2BD30BFF000A34D3 /* Preview Assets.xcassets */,
			);
			path = "Preview Content";
			sourceTree = "<group>";
		};
/* End PBXGroup section */

/* Begin PBXNativeTarget section */
		AFB3E8A92BD30BFE000A34D3 /* Poker Pocket Odds */ = {
			isa = PBXNativeTarget;
			buildConfigurationList = AFB3E8C42BD30BFF000A34D3 /* Build configuration list for PBXNativeTarget "Poker Pocket Odds" */;
			buildPhases = (
				AFB3E8A82BD30BFE000A34D3 /* Resources */,
				AFB3E8C32BD30BFF000A34D3 /* Embed Watch Content */,
			);
			buildRules = (
			);
			dependencies = (
				AFB3E8B32BD30BFE000A34D3 /* PBXTargetDependency */,
			);
			name = "Poker Pocket Odds";
			productName = PokerMastermind;
			productReference = AFB3E8AA2BD30BFE000A34D3 /* Poker Pocket Odds.app */;
			productType = "com.apple.product-type.application.watchapp2-container";
		};
		AFB3E8AF2BD30BFE000A34D3 /* Poker Pocket Odds Watch App */ = {
			isa = PBXNativeTarget;
			buildConfigurationList = AFB3E8C02BD30BFF000A34D3 /* Build configuration list for PBXNativeTarget "Poker Pocket Odds Watch App" */;
			buildPhases = (
				AFB3E8AC2BD30BFE000A34D3 /* Sources */,
				AFB3E8AD2BD30BFE000A34D3 /* Frameworks */,
				AFB3E8AE2BD30BFE000A34D3 /* Resources */,
			);
			buildRules = (
			);
			dependencies = (
			);
			name = "Poker Pocket Odds Watch App";
			productName = "PokerMastermind Watch App";
			productReference = AFB3E8B02BD30BFE000A34D3 /* Poker Pocket Odds.app */;
			productType = "com.apple.product-type.application";
		};
/* End PBXNativeTarget section */

/* Begin PBXProject section */
		AFB3E8A42BD30BFE000A34D3 /* Project object */ = {
			isa = PBXProject;
			attributes = {
				BuildIndependentTargetsInParallel = 1;
				LastSwiftUpdateCheck = 1530;
				LastUpgradeCheck = 1530;
				TargetAttributes = {
					AFB3E8A92BD30BFE000A34D3 = {
						CreatedOnToolsVersion = 15.3;
					};
					AFB3E8AF2BD30BFE000A34D3 = {
						CreatedOnToolsVersion = 15.3;
					};
				};
			};
			buildConfigurationList = AFB3E8A72BD30BFE000A34D3 /* Build configuration list for PBXProject "Poker Pocket Odds" */;
			compatibilityVersion = "Xcode 14.0";
			developmentRegion = en;
			hasScannedForEncodings = 0;
			knownRegions = (
				en,
				Base,
			);
			mainGroup = AFB3E8A32BD30BFE000A34D3;
			productRefGroup = AFB3E8AB2BD30BFE000A34D3 /* Products */;
			projectDirPath = "";
			projectRoot = "";
			targets = (
				AFB3E8A92BD30BFE000A34D3 /* Poker Pocket Odds */,
				AFB3E8AF2BD30BFE000A34D3 /* Poker Pocket Odds Watch App */,
			);
		};
/* End PBXProject section */

/* Begin PBXResourcesBuildPhase section */
		AFB3E8A82BD30BFE000A34D3 /* Resources */ = {
			isa = PBXResourcesBuildPhase;
			buildActionMask = 2147483647;
			files = (
			);
			runOnlyForDeploymentPostprocessing = 0;
		};
		AFB3E8AE2BD30BFE000A34D3 /* Resources */ = {
			isa = PBXResourcesBuildPhase;
			buildActionMask = 2147483647;
			files = (
				AFB3E8BD2BD30BFF000A34D3 /* Preview Assets.xcassets in Resources */,
				AFB3E8BA2BD30BFF000A34D3 /* Assets.xcassets in Resources */,
			);
			runOnlyForDeploymentPostprocessing = 0;
		};
/* End PBXResourcesBuildPhase section */

/* Begin PBXSourcesBuildPhase section */
		AFB3E8AC2BD30BFE000A34D3 /* Sources */ = {
			isa = PBXSourcesBuildPhase;
			buildActionMask = 2147483647;
			files = (
				AFB3E8B82BD30BFE000A34D3 /* ContentView.swift in Sources */,
				AFB3E8C82BD30C73000A34D3 /* EachCardView.swift in Sources */,
				AFB3E8B62BD30BFE000A34D3 /* PokerPocketOddsApp.swift in Sources */,
				AFB3E8CA2BD30DBE000A34D3 /* CalculateView.swift in Sources */,
			);
			runOnlyForDeploymentPostprocessing = 0;
		};
/* End PBXSourcesBuildPhase section */

/* Begin PBXTargetDependency section */
		AFB3E8B32BD30BFE000A34D3 /* PBXTargetDependency */ = {
			isa = PBXTargetDependency;
			target = AFB3E8AF2BD30BFE000A34D3 /* Poker Pocket Odds Watch App */;
			targetProxy = AFB3E8B22BD30BFE000A34D3 /* PBXContainerItemProxy */;
		};
/* End PBXTargetDependency section */

/* Begin XCBuildConfiguration section */
		AFB3E8BE2BD30BFF000A34D3 /* Debug */ = {
			isa = XCBuildConfiguration;
			buildSettings = {
				ALWAYS_SEARCH_USER_PATHS = NO;
				ASSETCATALOG_COMPILER_GENERATE_SWIFT_ASSET_SYMBOL_EXTENSIONS = YES;
				CLANG_ANALYZER_NONNULL = YES;
				CLANG_ANALYZER_NUMBER_OBJECT_CONVERSION = YES_AGGRESSIVE;
				CLANG_CXX_LANGUAGE_STANDARD = "gnu++20";
				CLANG_ENABLE_MODULES = YES;
				CLANG_ENABLE_OBJC_ARC = YES;
				CLANG_ENABLE_OBJC_WEAK = YES;
				CLANG_WARN_BLOCK_CAPTURE_AUTORELEASING = YES;
				CLANG_WARN_BOOL_CONVERSION = YES;
				CLANG_WARN_COMMA = YES;
				CLANG_WARN_CONSTANT_CONVERSION = YES;
				CLANG_WARN_DEPRECATED_OBJC_IMPLEMENTATIONS = YES;
				CLANG_WARN_DIRECT_OBJC_ISA_USAGE = YES_ERROR;
				CLANG_WARN_DOCUMENTATION_COMMENTS = YES;
				CLANG_WARN_EMPTY_BODY = YES;
				CLANG_WARN_ENUM_CONVERSION = YES;
				CLANG_WARN_INFINITE_RECURSION = YES;
				CLANG_WARN_INT_CONVERSION = YES;
				CLANG_WARN_NON_LITERAL_NULL_CONVERSION = YES;
				CLANG_WARN_OBJC_IMPLICIT_RETAIN_SELF = YES;
				CLANG_WARN_OBJC_LITERAL_CONVERSION = YES;
				CLANG_WARN_OBJC_ROOT_CLASS = YES_ERROR;
				CLANG_WARN_QUOTED_INCLUDE_IN_FRAMEWORK_HEADER = YES;
				CLANG_WARN_RANGE_LOOP_ANALYSIS = YES;
				CLANG_WARN_STRICT_PROTOTYPES = YES;
				CLANG_WARN_SUSPICIOUS_MOVE = YES;
				CLANG_WARN_UNGUARDED_AVAILABILITY = YES_AGGRESSIVE;
				CLANG_WARN_UNREACHABLE_CODE = YES;
				CLANG_WARN__DUPLICATE_METHOD_MATCH = YES;
				COPY_PHASE_STRIP = NO;
				DEBUG_INFORMATION_FORMAT = dwarf;
				ENABLE_STRICT_OBJC_MSGSEND = YES;
				ENABLE_TESTABILITY = YES;
				ENABLE_USER_SCRIPT_SANDBOXING = YES;
				GCC_C_LANGUAGE_STANDARD = gnu17;
				GCC_DYNAMIC_NO_PIC = NO;
				GCC_NO_COMMON_BLOCKS = YES;
				GCC_OPTIMIZATION_LEVEL = 0;
				GCC_PREPROCESSOR_DEFINITIONS = (
					"DEBUG=1",
					"$(inherited)",
				);
				GCC_WARN_64_TO_32_BIT_CONVERSION = YES;
				GCC_WARN_ABOUT_RETURN_TYPE = YES_ERROR;
				GCC_WARN_UNDECLARED_SELECTOR = YES;
				GCC_WARN_UNINITIALIZED_AUTOS = YES_AGGRESSIVE;
				GCC_WARN_UNUSED_FUNCTION = YES;
				GCC_WARN_UNUSED_VARIABLE = YES;
				LOCALIZATION_PREFERS_STRING_CATALOGS = YES;
				MTL_ENABLE_DEBUG_INFO = INCLUDE_SOURCE;
				MTL_FAST_MATH = YES;
				ONLY_ACTIVE_ARCH = YES;
				SWIFT_ACTIVE_COMPILATION_CONDITIONS = "DEBUG $(inherited)";
				SWIFT_OPTIMIZATION_LEVEL = "-Onone";
			};
			name = Debug;
		};
		AFB3E8BF2BD30BFF000A34D3 /* Release */ = {
			isa = XCBuildConfiguration;
			buildSettings = {
				ALWAYS_SEARCH_USER_PATHS = NO;
				ASSETCATALOG_COMPILER_GENERATE_SWIFT_ASSET_SYMBOL_EXTENSIONS = YES;
				CLANG_ANALYZER_NONNULL = YES;
				CLANG_ANALYZER_NUMBER_OBJECT_CONVERSION = YES_AGGRESSIVE;
				CLANG_CXX_LANGUAGE_STANDARD = "gnu++20";
				CLANG_ENABLE_MODULES = YES;
				CLANG_ENABLE_OBJC_ARC = YES;
				CLANG_ENABLE_OBJC_WEAK = YES;
				CLANG_WARN_BLOCK_CAPTURE_AUTORELEASING = YES;
				CLANG_WARN_BOOL_CONVERSION = YES;
				CLANG_WARN_COMMA = YES;
				CLANG_WARN_CONSTANT_CONVERSION = YES;
				CLANG_WARN_DEPRECATED_OBJC_IMPLEMENTATIONS = YES;
				CLANG_WARN_DIRECT_OBJC_ISA_USAGE = YES_ERROR;
				CLANG_WARN_DOCUMENTATION_COMMENTS = YES;
				CLANG_WARN_EMPTY_BODY = YES;
				CLANG_WARN_ENUM_CONVERSION = YES;
				CLANG_WARN_INFINITE_RECURSION = YES;
				CLANG_WARN_INT_CONVERSION = YES;
				CLANG_WARN_NON_LITERAL_NULL_CONVERSION = YES;
				CLANG_WARN_OBJC_IMPLICIT_RETAIN_SELF = YES;
				CLANG_WARN_OBJC_LITERAL_CONVERSION = YES;
				CLANG_WARN_OBJC_ROOT_CLASS = YES_ERROR;
				CLANG_WARN_QUOTED_INCLUDE_IN_FRAMEWORK_HEADER = YES;
				CLANG_WARN_RANGE_LOOP_ANALYSIS = YES;
				CLANG_WARN_STRICT_PROTOTYPES = YES;
				CLANG_WARN_SUSPICIOUS_MOVE = YES;
				CLANG_WARN_UNGUARDED_AVAILABILITY = YES_AGGRESSIVE;
				CLANG_WARN_UNREACHABLE_CODE = YES;
				CLANG_WARN__DUPLICATE_METHOD_MATCH = YES;
				COPY_PHASE_STRIP = NO;
				DEBUG_INFORMATION_FORMAT = "dwarf-with-dsym";
				ENABLE_NS_ASSERTIONS = NO;
				ENABLE_STRICT_OBJC_MSGSEND = YES;
				ENABLE_USER_SCRIPT_SANDBOXING = YES;
				GCC_C_LANGUAGE_STANDARD = gnu17;
				GCC_NO_COMMON_BLOCKS = YES;
				GCC_WARN_64_TO_32_BIT_CONVERSION = YES;
				GCC_WARN_ABOUT_RETURN_TYPE = YES_ERROR;
				GCC_WARN_UNDECLARED_SELECTOR = YES;
				GCC_WARN_UNINITIALIZED_AUTOS = YES_AGGRESSIVE;
				GCC_WARN_UNUSED_FUNCTION = YES;
				GCC_WARN_UNUSED_VARIABLE = YES;
				LOCALIZATION_PREFERS_STRING_CATALOGS = YES;
				MTL_ENABLE_DEBUG_INFO = NO;
				MTL_FAST_MATH = YES;
				SWIFT_COMPILATION_MODE = wholemodule;
			};
			name = Release;
		};
		AFB3E8C12BD30BFF000A34D3 /* Debug */ = {
			isa = XCBuildConfiguration;
			buildSettings = {
				ASSETCATALOG_COMPILER_APPICON_NAME = AppIcon;
				ASSETCATALOG_COMPILER_GLOBAL_ACCENT_COLOR_NAME = AccentColor;
				CODE_SIGN_STYLE = Automatic;
				CURRENT_PROJECT_VERSION = 1.0.1;
				DEVELOPMENT_ASSET_PATHS = "\"PokerMastermind Watch App/Preview Content\"";
				DEVELOPMENT_TEAM = LD578K3BS7;
				ENABLE_PREVIEWS = YES;
				GENERATE_INFOPLIST_FILE = YES;
				INFOPLIST_KEY_UISupportedInterfaceOrientations = "UIInterfaceOrientationPortrait UIInterfaceOrientationPortraitUpsideDown";
				INFOPLIST_KEY_WKWatchOnly = YES;
				LD_RUNPATH_SEARCH_PATHS = (
					"$(inherited)",
					"@executable_path/Frameworks",
				);
				MARKETING_VERSION = 1.0.1;
				PRODUCT_BUNDLE_IDENTIFIER = ryofujimura.PokerPoketOdds.watchkitapp;
				PRODUCT_NAME = "Poker Pocket Odds";
				SDKROOT = watchos;
				SKIP_INSTALL = YES;
				SWIFT_EMIT_LOC_STRINGS = YES;
				SWIFT_VERSION = 5.0;
				TARGETED_DEVICE_FAMILY = 4;
				WATCHOS_DEPLOYMENT_TARGET = 10.4;
			};
			name = Debug;
		};
		AFB3E8C22BD30BFF000A34D3 /* Release */ = {
			isa = XCBuildConfiguration;
			buildSettings = {
				ASSETCATALOG_COMPILER_APPICON_NAME = AppIcon;
				ASSETCATALOG_COMPILER_GLOBAL_ACCENT_COLOR_NAME = AccentColor;
				CODE_SIGN_STYLE = Automatic;
				CURRENT_PROJECT_VERSION = 1.0.1;
				DEVELOPMENT_ASSET_PATHS = "\"PokerMastermind Watch App/Preview Content\"";
				DEVELOPMENT_TEAM = LD578K3BS7;
				ENABLE_PREVIEWS = YES;
				GENERATE_INFOPLIST_FILE = YES;
				INFOPLIST_KEY_UISupportedInterfaceOrientations = "UIInterfaceOrientationPortrait UIInterfaceOrientationPortraitUpsideDown";
				INFOPLIST_KEY_WKWatchOnly = YES;
				LD_RUNPATH_SEARCH_PATHS = (
					"$(inherited)",
					"@executable_path/Frameworks",
				);
				MARKETING_VERSION = 1.0.1;
				PRODUCT_BUNDLE_IDENTIFIER = ryofujimura.PokerPoketOdds.watchkitapp;
				PRODUCT_NAME = "Poker Pocket Odds";
				SDKROOT = watchos;
				SKIP_INSTALL = YES;
				SWIFT_EMIT_LOC_STRINGS = YES;
				SWIFT_VERSION = 5.0;
				TARGETED_DEVICE_FAMILY = 4;
				VALIDATE_PRODUCT = YES;
				WATCHOS_DEPLOYMENT_TARGET = 10.4;
			};
			name = Release;
		};
		AFB3E8C52BD30BFF000A34D3 /* Debug */ = {
			isa = XCBuildConfiguration;
			buildSettings = {
				ALWAYS_EMBED_SWIFT_STANDARD_LIBRARIES = YES;
				CODE_SIGN_STYLE = Automatic;
				CURRENT_PROJECT_VERSION = 1;
				DEVELOPMENT_TEAM = LD578K3BS7;
				INFOPLIST_KEY_CFBundleDisplayName = PokerMastermind;
				MARKETING_VERSION = 1.0;
				PRODUCT_BUNDLE_IDENTIFIER = ryofujimura.PokerPoketOdds;
				PRODUCT_NAME = "$(TARGET_NAME)";
				SDKROOT = iphoneos;
				SWIFT_VERSION = 5.0;
			};
			name = Debug;
		};
		AFB3E8C62BD30BFF000A34D3 /* Release */ = {
			isa = XCBuildConfiguration;
			buildSettings = {
				ALWAYS_EMBED_SWIFT_STANDARD_LIBRARIES = YES;
				CODE_SIGN_STYLE = Automatic;
				CURRENT_PROJECT_VERSION = 1;
				DEVELOPMENT_TEAM = LD578K3BS7;
				INFOPLIST_KEY_CFBundleDisplayName = PokerMastermind;
				MARKETING_VERSION = 1.0;
				PRODUCT_BUNDLE_IDENTIFIER = ryofujimura.PokerPoketOdds;
				PRODUCT_NAME = "$(TARGET_NAME)";
				SDKROOT = iphoneos;
				SWIFT_VERSION = 5.0;
				VALIDATE_PRODUCT = YES;
			};
			name = Release;
		};
/* End XCBuildConfiguration section */

/* Begin XCConfigurationList section */
		AFB3E8A72BD30BFE000A34D3 /* Build configuration list for PBXProject "Poker Pocket Odds" */ = {
			isa = XCConfigurationList;
			buildConfigurations = (
				AFB3E8BE2BD30BFF000A34D3 /* Debug */,
				AFB3E8BF2BD30BFF000A34D3 /* Release */,
			);
			defaultConfigurationIsVisible = 0;
			defaultConfigurationName = Release;
		};
		AFB3E8C02BD30BFF000A34D3 /* Build configuration list for PBXNativeTarget "Poker Pocket Odds Watch App" */ = {
			isa = XCConfigurationList;
			buildConfigurations = (
				AFB3E8C12BD30BFF000A34D3 /* Debug */,
				AFB3E8C22BD30BFF000A34D3 /* Release */,
			);
			defaultConfigurationIsVisible = 0;
			defaultConfigurationName = Release;
		};
		AFB3E8C42BD30BFF000A34D3 /* Build configuration list for PBXNativeTarget "Poker Pocket Odds" */ = {
			isa = XCConfigurationList;
			buildConfigurations = (
				AFB3E8C52BD30BFF000A34D3 /* Debug */,
				AFB3E8C62BD30BFF000A34D3 /* Release */,
			);
			defaultConfigurationIsVisible = 0;
			defaultConfigurationName = Release;
		};
/* End XCConfigurationList section */
	};
	rootObject = AFB3E8A42BD30BFE000A34D3 /* Project object */;
}
